
Microsoft Visual Studio Solution File, Format Version 12.00
# Visual Studio Version 17
VisualStudioVersion = 17.4.33213.308
MinimumVisualStudioVersion = 10.0.40219.1
Project("{FAE04EC0-301F-11D3-BF4B-00C04F79EFBC}") = "TSIAlghorithms", "TSIAlghorithms.csproj", "{25D940C0-7B1A-4ECB-9B22-BF1B3CEA892C}"
EndProject
Global
	GlobalSection(SolutionConfigurationPlatforms) = preSolution
		Debug|Any CPU = Debug|Any CPU
		Release|Any CPU = Release|Any CPU
	EndGlobalSection
	GlobalSection(ProjectConfigurationPlatforms) = postSolution
		{25D940C0-7B1A-4ECB-9B22-BF1B3CEA892C}.Debug|Any CPU.ActiveCfg = Debug|Any CPU
		{25D940C0-7B1A-4ECB-9B22-BF1B3CEA892C}.Debug|Any CPU.Build.0 = Debug|Any CPU
		{25D940C0-7B1A-4ECB-9B22-BF1B3CEA892C}.Release|Any CPU.ActiveCfg = Release|Any CPU
		{25D940C0-7B1A-4ECB-9B22-BF1B3CEA892C}.Release|Any CPU.Build.0 = Release|Any CPU
	EndGlobalSection
	GlobalSection(SolutionProperties) = preSolution
		HideSolutionNode = FALSE
	EndGlobalSection
	GlobalSection(ExtensibilityGlobals) = postSolution
		SolutionGuid = {267505C6-8416-477C-A85A-3D94FA31C8A4}
	EndGlobalSection
EndGlobal
